
Microsoft Visual Studio Solution File, Format Version 12.00
# Visual Studio Version 17
VisualStudioVersion = 17.5.002.0
MinimumVisualStudioVersion = 10.0.40219.1
Project("{2150E333-8FDC-42A3-9474-1A3956D46DE8}") = "prepare", "prepare", "{78221EB1-750F-41A1-9C8C-759713FDA2BA}"
EndProject
Project("{9A19103F-16F7-4668-BE54-9A1E7A4F7556}") = "Learning02", "prepare\Learning02\Learning02.csproj", "{336D0875-0771-475A-B82C-2C1A131F8E0E}"
EndProject
Project("{9A19103F-16F7-4668-BE54-9A1E7A4F7556}") = "Learning05", "prepare\Learning05\Learning05.csproj", "{FA8E5D6D-9175-44C8-B823-D2F751F90F83}"
EndProject
Project("{9A19103F-16F7-4668-BE54-9A1E7A4F7556}") = "Learning04", "prepare\Learning04\Learning04.csproj", "{15299B16-216A-4737-BBB3-3F1676C76057}"
EndProject
Project("{9A19103F-16F7-4668-BE54-9A1E7A4F7556}") = "Learning03", "prepare\Learning03\Learning03.csproj", "{46B1F79D-2D2B-4E1B-ADCB-7BE84EA7F8AB}"
EndProject
Project("{2150E333-8FDC-42A3-9474-1A3956D46DE8}") = "prove", "prove", "{62D7C99A-CB28-4F4C-9DBB-BA2EADBCBA67}"
EndProject
Project("{9A19103F-16F7-4668-BE54-9A1E7A4F7556}") = "Develop03", "prove\Develop03\Develop03.csproj", "{7C637E81-3561-4015-B13D-6366E285597F}"
EndProject
Project("{9A19103F-16F7-4668-BE54-9A1E7A4F7556}") = "Develop04", "prove\Develop04\Develop04.csproj", "{024F4F33-D7C8-4CC3-A101-80BB6F17A7B1}"
EndProject
Project("{9A19103F-16F7-4668-BE54-9A1E7A4F7556}") = "Develop05", "prove\Develop05\Develop05.csproj", "{93EED1B1-D36C-4D5C-B61F-E9B871C3D0FE}"
EndProject
Project("{9A19103F-16F7-4668-BE54-9A1E7A4F7556}") = "Develop02", "prove\Develop02\Develop02.csproj", "{6BA294B9-3CED-468E-9EBA-40BC05C75DFB}"
EndProject
Project("{2150E333-8FDC-42A3-9474-1A3956D46DE8}") = "sandbox", "sandbox", "{F2EC5C6E-D6D0-4AF8-BAB4-14E02D9DBB41}"
EndProject
Project("{9A19103F-16F7-4668-BE54-9A1E7A4F7556}") = "Sandbox", "sandbox\Sandbox\Sandbox.csproj", "{8E43BFB1-AC85-4048-AC3B-563B4EA477F5}"
EndProject
Project("{2150E333-8FDC-42A3-9474-1A3956D46DE8}") = "final", "final", "{623C1249-37A8-4B50-9422-8392A4B447A9}"
EndProject
Project("{9A19103F-16F7-4668-BE54-9A1E7A4F7556}") = "FinalProject", "final\FinalProject\FinalProject.csproj", "{DB31576D-5A19-4717-A3DB-967F7216ACA7}"
EndProject
Project("{9A19103F-16F7-4668-BE54-9A1E7A4F7556}") = "Foundation1", "final\Foundation1\Foundation1.csproj", "{3016DBDA-64A3-4875-9BB2-55FAAF7E3E37}"
EndProject
Project("{9A19103F-16F7-4668-BE54-9A1E7A4F7556}") = "Foundation4", "final\Foundation4\Foundation4.csproj", "{ED6ED9AC-49B7-41A2-A22F-E7D1FC2287B9}"
EndProject
Project("{9A19103F-16F7-4668-BE54-9A1E7A4F7556}") = "Foundation3", "final\Foundation3\Foundation3.csproj", "{530DA0F2-4419-420E-AE93-C743684A978D}"
EndProject
Project("{9A19103F-16F7-4668-BE54-9A1E7A4F7556}") = "Foundation2", "final\Foundation2\Foundation2.csproj", "{E1300299-4F01-4046-A30A-D63CC0654196}"
EndProject
Project("{2150E333-8FDC-42A3-9474-1A3956D46DE8}") = "csharp-prep", "csharp-prep", "{BC868C09-98D6-40A9-B6BE-2C34E073BAE6}"
EndProject
Project("{9A19103F-16F7-4668-BE54-9A1E7A4F7556}") = "Prep1", "csharp-prep\Prep1\Prep1.csproj", "{9EF742F7-DF28-460E-B595-426BA6CBD8EA}"
EndProject
Project("{9A19103F-16F7-4668-BE54-9A1E7A4F7556}") = "Prep5", "csharp-prep\Prep5\Prep5.csproj", "{04A2FB0B-F328-40F4-83E3-3925AB2B9773}"
EndProject
Project("{9A19103F-16F7-4668-BE54-9A1E7A4F7556}") = "Prep2", "csharp-prep\Prep2\Prep2.csproj", "{010BA356-A1D1-4D0A-9596-44FD4538B429}"
EndProject
Project("{9A19103F-16F7-4668-BE54-9A1E7A4F7556}") = "Prep3", "csharp-prep\Prep3\Prep3.csproj", "{68A2C24C-BE5A-4A54-BDF1-761803C82EC2}"
EndProject
Project("{9A19103F-16F7-4668-BE54-9A1E7A4F7556}") = "Prep4", "csharp-prep\Prep4\Prep4.csproj", "{C4C4DD4D-710E-4E2B-B11B-05940D0A1ACF}"
EndProject
Global
	GlobalSection(SolutionConfigurationPlatforms) = preSolution
		Debug|Any CPU = Debug|Any CPU
		Release|Any CPU = Release|Any CPU
	EndGlobalSection
	GlobalSection(ProjectConfigurationPlatforms) = postSolution
		{336D0875-0771-475A-B82C-2C1A131F8E0E}.Debug|Any CPU.ActiveCfg = Debug|Any CPU
		{336D0875-0771-475A-B82C-2C1A131F8E0E}.Debug|Any CPU.Build.0 = Debug|Any CPU
		{336D0875-0771-475A-B82C-2C1A131F8E0E}.Release|Any CPU.ActiveCfg = Release|Any CPU
		{336D0875-0771-475A-B82C-2C1A131F8E0E}.Release|Any CPU.Build.0 = Release|Any CPU
		{FA8E5D6D-9175-44C8-B823-D2F751F90F83}.Debug|Any CPU.ActiveCfg = Debug|Any CPU
		{FA8E5D6D-9175-44C8-B823-D2F751F90F83}.Debug|Any CPU.Build.0 = Debug|Any CPU
		{FA8E5D6D-9175-44C8-B823-D2F751F90F83}.Release|Any CPU.ActiveCfg = Release|Any CPU
		{FA8E5D6D-9175-44C8-B823-D2F751F90F83}.Release|Any CPU.Build.0 = Release|Any CPU
		{15299B16-216A-4737-BBB3-3F1676C76057}.Debug|Any CPU.ActiveCfg = Debug|Any CPU
		{15299B16-216A-4737-BBB3-3F1676C76057}.Debug|Any CPU.Build.0 = Debug|Any CPU
		{15299B16-216A-4737-BBB3-3F1676C76057}.Release|Any CPU.ActiveCfg = Release|Any CPU
		{15299B16-216A-4737-BBB3-3F1676C76057}.Release|Any CPU.Build.0 = Release|Any CPU
		{46B1F79D-2D2B-4E1B-ADCB-7BE84EA7F8AB}.Debug|Any CPU.ActiveCfg = Debug|Any CPU
		{46B1F79D-2D2B-4E1B-ADCB-7BE84EA7F8AB}.Debug|Any CPU.Build.0 = Debug|Any CPU
		{46B1F79D-2D2B-4E1B-ADCB-7BE84EA7F8AB}.Release|Any CPU.ActiveCfg = Release|Any CPU
		{46B1F79D-2D2B-4E1B-ADCB-7BE84EA7F8AB}.Release|Any CPU.Build.0 = Release|Any CPU
		{7C637E81-3561-4015-B13D-6366E285597F}.Debug|Any CPU.ActiveCfg = Debug|Any CPU
		{7C637E81-3561-4015-B13D-6366E285597F}.Debug|Any CPU.Build.0 = Debug|Any CPU
		{7C637E81-3561-4015-B13D-6366E285597F}.Release|Any CPU.ActiveCfg = Release|Any CPU
		{7C637E81-3561-4015-B13D-6366E285597F}.Release|Any CPU.Build.0 = Release|Any CPU
		{024F4F33-D7C8-4CC3-A101-80BB6F17A7B1}.Debug|Any CPU.ActiveCfg = Debug|Any CPU
		{024F4F33-D7C8-4CC3-A101-80BB6F17A7B1}.Debug|Any CPU.Build.0 = Debug|Any CPU
		{024F4F33-D7C8-4CC3-A101-80BB6F17A7B1}.Release|Any CPU.ActiveCfg = Release|Any CPU
		{024F4F33-D7C8-4CC3-A101-80BB6F17A7B1}.Release|Any CPU.Build.0 = Release|Any CPU
		{93EED1B1-D36C-4D5C-B61F-E9B871C3D0FE}.Debug|Any CPU.ActiveCfg = Debug|Any CPU
		{93EED1B1-D36C-4D5C-B61F-E9B871C3D0FE}.Debug|Any CPU.Build.0 = Debug|Any CPU
		{93EED1B1-D36C-4D5C-B61F-E9B871C3D0FE}.Release|Any CPU.ActiveCfg = Release|Any CPU
		{93EED1B1-D36C-4D5C-B61F-E9B871C3D0FE}.Release|Any CPU.Build.0 = Release|Any CPU
		{6BA294B9-3CED-468E-9EBA-40BC05C75DFB}.Debug|Any CPU.ActiveCfg = Debug|Any CPU
		{6BA294B9-3CED-468E-9EBA-40BC05C75DFB}.Debug|Any CPU.Build.0 = Debug|Any CPU
		{6BA294B9-3CED-468E-9EBA-40BC05C75DFB}.Release|Any CPU.ActiveCfg = Release|Any CPU
		{6BA294B9-3CED-468E-9EBA-40BC05C75DFB}.Release|Any CPU.Build.0 = Release|Any CPU
		{8E43BFB1-AC85-4048-AC3B-563B4EA477F5}.Debug|Any CPU.ActiveCfg = Debug|Any CPU
		{8E43BFB1-AC85-4048-AC3B-563B4EA477F5}.Debug|Any CPU.Build.0 = Debug|Any CPU
		{8E43BFB1-AC85-4048-AC3B-563B4EA477F5}.Release|Any CPU.ActiveCfg = Release|Any CPU
		{8E43BFB1-AC85-4048-AC3B-563B4EA477F5}.Release|Any CPU.Build.0 = Release|Any CPU
		{DB31576D-5A19-4717-A3DB-967F7216ACA7}.Debug|Any CPU.ActiveCfg = Debug|Any CPU
		{DB31576D-5A19-4717-A3DB-967F7216ACA7}.Debug|Any CPU.Build.0 = Debug|Any CPU
		{DB31576D-5A19-4717-A3DB-967F7216ACA7}.Release|Any CPU.ActiveCfg = Release|Any CPU
		{DB31576D-5A19-4717-A3DB-967F7216ACA7}.Release|Any CPU.Build.0 = Release|Any CPU
		{3016DBDA-64A3-4875-9BB2-55FAAF7E3E37}.Debug|Any CPU.ActiveCfg = Debug|Any CPU
		{3016DBDA-64A3-4875-9BB2-55FAAF7E3E37}.Debug|Any CPU.Build.0 = Debug|Any CPU
		{3016DBDA-64A3-4875-9BB2-55FAAF7E3E37}.Release|Any CPU.ActiveCfg = Release|Any CPU
		{3016DBDA-64A3-4875-9BB2-55FAAF7E3E37}.Release|Any CPU.Build.0 = Release|Any CPU
		{ED6ED9AC-49B7-41A2-A22F-E7D1FC2287B9}.Debug|Any CPU.ActiveCfg = Debug|Any CPU
		{ED6ED9AC-49B7-41A2-A22F-E7D1FC2287B9}.Debug|Any CPU.Build.0 = Debug|Any CPU
		{ED6ED9AC-49B7-41A2-A22F-E7D1FC2287B9}.Release|Any CPU.ActiveCfg = Release|Any CPU
		{ED6ED9AC-49B7-41A2-A22F-E7D1FC2287B9}.Release|Any CPU.Build.0 = Release|Any CPU
		{530DA0F2-4419-420E-AE93-C743684A978D}.Debug|Any CPU.ActiveCfg = Debug|Any CPU
		{530DA0F2-4419-420E-AE93-C743684A978D}.Debug|Any CPU.Build.0 = Debug|Any CPU
		{530DA0F2-4419-420E-AE93-C743684A978D}.Release|Any CPU.ActiveCfg = Release|Any CPU
		{530DA0F2-4419-420E-AE93-C743684A978D}.Release|Any CPU.Build.0 = Release|Any CPU
		{E1300299-4F01-4046-A30A-D63CC0654196}.Debug|Any CPU.ActiveCfg = Debug|Any CPU
		{E1300299-4F01-4046-A30A-D63CC0654196}.Debug|Any CPU.Build.0 = Debug|Any CPU
		{E1300299-4F01-4046-A30A-D63CC0654196}.Release|Any CPU.ActiveCfg = Release|Any CPU
		{E1300299-4F01-4046-A30A-D63CC0654196}.Release|Any CPU.Build.0 = Release|Any CPU
		{9EF742F7-DF28-460E-B595-426BA6CBD8EA}.Debug|Any CPU.ActiveCfg = Debug|Any CPU
		{9EF742F7-DF28-460E-B595-426BA6CBD8EA}.Debug|Any CPU.Build.0 = Debug|Any CPU
		{9EF742F7-DF28-460E-B595-426BA6CBD8EA}.Release|Any CPU.ActiveCfg = Release|Any CPU
		{9EF742F7-DF28-460E-B595-426BA6CBD8EA}.Release|Any CPU.Build.0 = Release|Any CPU
		{04A2FB0B-F328-40F4-83E3-3925AB2B9773}.Debug|Any CPU.ActiveCfg = Debug|Any CPU
		{04A2FB0B-F328-40F4-83E3-3925AB2B9773}.Debug|Any CPU.Build.0 = Debug|Any CPU
		{04A2FB0B-F328-40F4-83E3-3925AB2B9773}.Release|Any CPU.ActiveCfg = Release|Any CPU
		{04A2FB0B-F328-40F4-83E3-3925AB2B9773}.Release|Any CPU.Build.0 = Release|Any CPU
		{010BA356-A1D1-4D0A-9596-44FD4538B429}.Debug|Any CPU.ActiveCfg = Debug|Any CPU
		{010BA356-A1D1-4D0A-9596-44FD4538B429}.Debug|Any CPU.Build.0 = Debug|Any CPU
		{010BA356-A1D1-4D0A-9596-44FD4538B429}.Release|Any CPU.ActiveCfg = Release|Any CPU
		{010BA356-A1D1-4D0A-9596-44FD4538B429}.Release|Any CPU.Build.0 = Release|Any CPU
		{68A2C24C-BE5A-4A54-BDF1-761803C82EC2}.Debug|Any CPU.ActiveCfg = Debug|Any CPU
		{68A2C24C-BE5A-4A54-BDF1-761803C82EC2}.Debug|Any CPU.Build.0 = Debug|Any CPU
		{68A2C24C-BE5A-4A54-BDF1-761803C82EC2}.Release|Any CPU.ActiveCfg = Release|Any CPU
		{68A2C24C-BE5A-4A54-BDF1-761803C82EC2}.Release|Any CPU.Build.0 = Release|Any CPU
		{C4C4DD4D-710E-4E2B-B11B-05940D0A1ACF}.Debug|Any CPU.ActiveCfg = Debug|Any CPU
		{C4C4DD4D-710E-4E2B-B11B-05940D0A1ACF}.Debug|Any CPU.Build.0 = Debug|Any CPU
		{C4C4DD4D-710E-4E2B-B11B-05940D0A1ACF}.Release|Any CPU.ActiveCfg = Release|Any CPU
		{C4C4DD4D-710E-4E2B-B11B-05940D0A1ACF}.Release|Any CPU.Build.0 = Release|Any CPU
	EndGlobalSection
	GlobalSection(SolutionProperties) = preSolution
		HideSolutionNode = FALSE
	EndGlobalSection
	GlobalSection(NestedProjects) = preSolution
		{336D0875-0771-475A-B82C-2C1A131F8E0E} = {78221EB1-750F-41A1-9C8C-759713FDA2BA}
		{FA8E5D6D-9175-44C8-B823-D2F751F90F83} = {78221EB1-750F-41A1-9C8C-759713FDA2BA}
		{15299B16-216A-4737-BBB3-3F1676C76057} = {78221EB1-750F-41A1-9C8C-759713FDA2BA}
		{46B1F79D-2D2B-4E1B-ADCB-7BE84EA7F8AB} = {78221EB1-750F-41A1-9C8C-759713FDA2BA}
		{7C637E81-3561-4015-B13D-6366E285597F} = {62D7C99A-CB28-4F4C-9DBB-BA2EADBCBA67}
		{024F4F33-D7C8-4CC3-A101-80BB6F17A7B1} = {62D7C99A-CB28-4F4C-9DBB-BA2EADBCBA67}
		{93EED1B1-D36C-4D5C-B61F-E9B871C3D0FE} = {62D7C99A-CB28-4F4C-9DBB-BA2EADBCBA67}
		{6BA294B9-3CED-468E-9EBA-40BC05C75DFB} = {62D7C99A-CB28-4F4C-9DBB-BA2EADBCBA67}
		{8E43BFB1-AC85-4048-AC3B-563B4EA477F5} = {F2EC5C6E-D6D0-4AF8-BAB4-14E02D9DBB41}
		{DB31576D-5A19-4717-A3DB-967F7216ACA7} = {623C1249-37A8-4B50-9422-8392A4B447A9}
		{3016DBDA-64A3-4875-9BB2-55FAAF7E3E37} = {623C1249-37A8-4B50-9422-8392A4B447A9}
		{ED6ED9AC-49B7-41A2-A22F-E7D1FC2287B9} = {623C1249-37A8-4B50-9422-8392A4B447A9}
		{530DA0F2-4419-420E-AE93-C743684A978D} = {623C1249-37A8-4B50-9422-8392A4B447A9}
		{E1300299-4F01-4046-A30A-D63CC0654196} = {623C1249-37A8-4B50-9422-8392A4B447A9}
		{9EF742F7-DF28-460E-B595-426BA6CBD8EA} = {BC868C09-98D6-40A9-B6BE-2C34E073BAE6}
		{04A2FB0B-F328-40F4-83E3-3925AB2B9773} = {BC868C09-98D6-40A9-B6BE-2C34E073BAE6}
		{010BA356-A1D1-4D0A-9596-44FD4538B429} = {BC868C09-98D6-40A9-B6BE-2C34E073BAE6}
		{68A2C24C-BE5A-4A54-BDF1-761803C82EC2} = {BC868C09-98D6-40A9-B6BE-2C34E073BAE6}
		{C4C4DD4D-710E-4E2B-B11B-05940D0A1ACF} = {BC868C09-98D6-40A9-B6BE-2C34E073BAE6}
	EndGlobalSection
	GlobalSection(ExtensibilityGlobals) = postSolution
		SolutionGuid = {A5AF3920-EA43-41F9-ADC2-ED502426ECF5}
	EndGlobalSection
EndGlobal
